
Microsoft Visual Studio Solution File, Format Version 12.00
Project("{FAE04EC0-301F-11D3-BF4B-00C04F79EFBC}") = "Furryfier", "Furryfier.csproj", "{BB8DC87B-A5B4-49BA-B422-7317C9B6CC20}"
EndProject
Global
	GlobalSection(SolutionConfigurationPlatforms) = preSolution
		Debug|Any CPU = Debug|Any CPU
		Release|Any CPU = Release|Any CPU
	EndGlobalSection
	GlobalSection(ProjectConfigurationPlatforms) = postSolution
		{BB8DC87B-A5B4-49BA-B422-7317C9B6CC20}.Debug|Any CPU.ActiveCfg = Debug|Any CPU
		{BB8DC87B-A5B4-49BA-B422-7317C9B6CC20}.Debug|Any CPU.Build.0 = Debug|Any CPU
		{BB8DC87B-A5B4-49BA-B422-7317C9B6CC20}.Release|Any CPU.ActiveCfg = Release|Any CPU
		{BB8DC87B-A5B4-49BA-B422-7317C9B6CC20}.Release|Any CPU.Build.0 = Release|Any CPU
	EndGlobalSection
EndGlobal
